// !$*UTF8*$!
{
	archiveVersion = 1;
	classes = {
	};
	objectVersion = 46;
	objects = {

/* Begin PBXBuildFile section */
		09393EF01E9B837800E5799B /* AppDelegate.swift in Sources */ = {isa = PBXBuildFile; fileRef = 09393EEF1E9B837800E5799B /* AppDelegate.swift */; };
		09393EF21E9B837800E5799B /* ViewController.swift in Sources */ = {isa = PBXBuildFile; fileRef = 09393EF11E9B837800E5799B /* ViewController.swift */; };
		09393EF51E9B837800E5799B /* Main.storyboard in Resources */ = {isa = PBXBuildFile; fileRef = 09393EF31E9B837800E5799B /* Main.storyboard */; };
		09393EF71E9B837800E5799B /* Assets.xcassets in Resources */ = {isa = PBXBuildFile; fileRef = 09393EF61E9B837800E5799B /* Assets.xcassets */; };
		09393EFA1E9B837800E5799B /* LaunchScreen.storyboard in Resources */ = {isa = PBXBuildFile; fileRef = 09393EF81E9B837800E5799B /* LaunchScreen.storyboard */; };
		09393F041E9B851D00E5799B /* RoundedCornerButton.swift in Sources */ = {isa = PBXBuildFile; fileRef = 09393F031E9B851D00E5799B /* RoundedCornerButton.swift */; };
		09393F061E9B879F00E5799B /* BotonMolon.swift in Sources */ = {isa = PBXBuildFile; fileRef = 09393F051E9B879F00E5799B /* BotonMolon.swift */; };
/* End PBXBuildFile section */

/* Begin PBXFileReference section */
		09393EEC1E9B837800E5799B /* IBDesignableIBInspectable.app */ = {isa = PBXFileReference; explicitFileType = wrapper.application; includeInIndex = 0; path = IBDesignableIBInspectable.app; sourceTree = BUILT_PRODUCTS_DIR; };
		09393EEF1E9B837800E5799B /* AppDelegate.swift */ = {isa = PBXFileReference; lastKnownFileType = sourcecode.swift; path = AppDelegate.swift; sourceTree = "<group>"; };
		09393EF11E9B837800E5799B /* ViewController.swift */ = {isa = PBXFileReference; lastKnownFileType = sourcecode.swift; path = ViewController.swift; sourceTree = "<group>"; };
		09393EF41E9B837800E5799B /* Base */ = {isa = PBXFileReference; lastKnownFileType = file.storyboard; name = Base; path = Base.lproj/Main.storyboard; sourceTree = "<group>"; };
		09393EF61E9B837800E5799B /* Assets.xcassets */ = {isa = PBXFileReference; lastKnownFileType = folder.assetcatalog; path = Assets.xcassets; sourceTree = "<group>"; };
		09393EF91E9B837800E5799B /* Base */ = {isa = PBXFileReference; lastKnownFileType = file.storyboard; name = Base; path = Base.lproj/LaunchScreen.storyboard; sourceTree = "<group>"; };
		09393EFB1E9B837800E5799B /* Info.plist */ = {isa = PBXFileReference; lastKnownFileType = text.plist.xml; path = Info.plist; sourceTree = "<group>"; };
		09393F031E9B851D00E5799B /* RoundedCornerButton.swift */ = {isa = PBXFileReference; fileEncoding = 4; lastKnownFileType = sourcecode.swift; path = RoundedCornerButton.swift; sourceTree = "<group>"; };
		09393F051E9B879F00E5799B /* BotonMolon.swift */ = {isa = PBXFileReference; fileEncoding = 4; lastKnownFileType = sourcecode.swift; path = BotonMolon.swift; sourceTree = "<group>"; };
/* End PBXFileReference section */

/* Begin PBXFrameworksBuildPhase section */
		09393EE91E9B837800E5799B /* Frameworks */ = {
			isa = PBXFrameworksBuildPhase;
			buildActionMask = 2147483647;
			files = (
			);
			runOnlyForDeploymentPostprocessing = 0;
		};
/* End PBXFrameworksBuildPhase section */

/* Begin PBXGroup section */
		09393EE31E9B837800E5799B = {
			isa = PBXGroup;
			children = (
				09393EEE1E9B837800E5799B /* IBDesignableIBInspectable */,
				09393EED1E9B837800E5799B /* Products */,
			);
			sourceTree = "<group>";
		};
		09393EED1E9B837800E5799B /* Products */ = {
			isa = PBXGroup;
			children = (
				09393EEC1E9B837800E5799B /* IBDesignableIBInspectable.app */,
			);
			name = Products;
			sourceTree = "<group>";
		};
		09393EEE1E9B837800E5799B /* IBDesignableIBInspectable */ = {
			isa = PBXGroup;
			children = (
				09393EEF1E9B837800E5799B /* AppDelegate.swift */,
				09393EF11E9B837800E5799B /* ViewController.swift */,
				09393F031E9B851D00E5799B /* RoundedCornerButton.swift */,
				09393F051E9B879F00E5799B /* BotonMolon.swift */,
				09393EF31E9B837800E5799B /* Main.storyboard */,
				09393EF61E9B837800E5799B /* Assets.xcassets */,
				09393EF81E9B837800E5799B /* LaunchScreen.storyboard */,
				09393EFB1E9B837800E5799B /* Info.plist */,
			);
			path = IBDesignableIBInspectable;
			sourceTree = "<group>";
		};
/* End PBXGroup section */

/* Begin PBXNativeTarget section */
		09393EEB1E9B837800E5799B /* IBDesignableIBInspectable */ = {
			isa = PBXNativeTarget;
			buildConfigurationList = 09393EFE1E9B837800E5799B /* Build configuration list for PBXNativeTarget "IBDesignableIBInspectable" */;
			buildPhases = (
				09393EE81E9B837800E5799B /* Sources */,
				09393EE91E9B837800E5799B /* Frameworks */,
				09393EEA1E9B837800E5799B /* Resources */,
			);
			buildRules = (
			);
			dependencies = (
			);
			name = IBDesignableIBInspectable;
			productName = IBDesignableIBInspectable;
			productReference = 09393EEC1E9B837800E5799B /* IBDesignableIBInspectable.app */;
			productType = "com.apple.product-type.application";
		};
/* End PBXNativeTarget section */

/* Begin PBXProject section */
		09393EE41E9B837800E5799B /* Project object */ = {
			isa = PBXProject;
			attributes = {
				LastSwiftUpdateCheck = 0800;
				LastUpgradeCheck = 0800;
				ORGANIZATIONNAME = cice;
				TargetAttributes = {
					09393EEB1E9B837800E5799B = {
						CreatedOnToolsVersion = 8.0;
						ProvisioningStyle = Automatic;
					};
				};
			};
			buildConfigurationList = 09393EE71E9B837800E5799B /* Build configuration list for PBXProject "IBDesignableIBInspectable" */;
			compatibilityVersion = "Xcode 3.2";
			developmentRegion = English;
			hasScannedForEncodings = 0;
			knownRegions = (
				en,
				Base,
			);
			mainGroup = 09393EE31E9B837800E5799B;
			productRefGroup = 09393EED1E9B837800E5799B /* Products */;
			projectDirPath = "";
			projectRoot = "";
			targets = (
				09393EEB1E9B837800E5799B /* IBDesignableIBInspectable */,
			);
		};
/* End PBXProject section */

/* Begin PBXResourcesBuildPhase section */
		09393EEA1E9B837800E5799B /* Resources */ = {
			isa = PBXResourcesBuildPhase;
			buildActionMask = 2147483647;
			files = (
				09393EFA1E9B837800E5799B /* LaunchScreen.storyboard in Resources */,
				09393EF71E9B837800E5799B /* Assets.xcassets in Resources */,
				09393EF51E9B837800E5799B /* Main.storyboard in Resources */,
			);
			runOnlyForDeploymentPostprocessing = 0;
		};
/* End PBXResourcesBuildPhase section */

/* Begin PBXSourcesBuildPhase section */
		09393EE81E9B837800E5799B /* Sources */ = {
			isa = PBXSourcesBuildPhase;
			buildActionMask = 2147483647;
			files = (
				09393F041E9B851D00E5799B /* RoundedCornerButton.swift in Sources */,
				09393EF21E9B837800E5799B /* ViewController.swift in Sources */,
				09393F061E9B879F00E5799B /* BotonMolon.swift in Sources */,
				09393EF01E9B837800E5799B /* AppDelegate.swift in Sources */,
			);
			runOnlyForDeploymentPostprocessing = 0;
		};
/* End PBXSourcesBuildPhase section */

/* Begin PBXVariantGroup section */
		09393EF31E9B837800E5799B /* Main.storyboard */ = {
			isa = PBXVariantGroup;
			children = (
				09393EF41E9B837800E5799B /* Base */,
			);
			name = Main.storyboard;
			sourceTree = "<group>";
		};
		09393EF81E9B837800E5799B /* LaunchScreen.storyboard */ = {
			isa = PBXVariantGroup;
			children = (
				09393EF91E9B837800E5799B /* Base */,
			);
			name = LaunchScreen.storyboard;
			sourceTree = "<group>";
		};
/* End PBXVariantGroup section */

/* Begin XCBuildConfiguration section */
		09393EFC1E9B837800E5799B /* Debug */ = {
			isa = XCBuildConfiguration;
			buildSettings = {
				ALWAYS_SEARCH_USER_PATHS = NO;
				CLANG_ANALYZER_NONNULL = YES;
				CLANG_CXX_LANGUAGE_STANDARD = "gnu++0x";
				CLANG_CXX_LIBRARY = "libc++";
				CLANG_ENABLE_MODULES = YES;
				CLANG_ENABLE_OBJC_ARC = YES;
				CLANG_WARN_BOOL_CONVERSION = YES;
				CLANG_WARN_CONSTANT_CONVERSION = YES;
				CLANG_WARN_DIRECT_OBJC_ISA_USAGE = YES_ERROR;
				CLANG_WARN_DOCUMENTATION_COMMENTS = YES;
				CLANG_WARN_EMPTY_BODY = YES;
				CLANG_WARN_ENUM_CONVERSION = YES;
				CLANG_WARN_INFINITE_RECURSION = YES;
				CLANG_WARN_INT_CONVERSION = YES;
				CLANG_WARN_OBJC_ROOT_CLASS = YES_ERROR;
				CLANG_WARN_SUSPICIOUS_MOVES = YES;
				CLANG_WARN_UNREACHABLE_CODE = YES;
				CLANG_WARN__DUPLICATE_METHOD_MATCH = YES;
				"CODE_SIGN_IDENTITY[sdk=iphoneos*]" = "iPhone Developer";
				COPY_PHASE_STRIP = NO;
				DEBUG_INFORMATION_FORMAT = dwarf;
				ENABLE_STRICT_OBJC_MSGSEND = YES;
				ENABLE_TESTABILITY = YES;
				GCC_C_LANGUAGE_STANDARD = gnu99;
				GCC_DYNAMIC_NO_PIC = NO;
				GCC_NO_COMMON_BLOCKS = YES;
				GCC_OPTIMIZATION_LEVEL = 0;
				GCC_PREPROCESSOR_DEFINITIONS = (
					"DEBUG=1",
					"$(inherited)",
				);
				GCC_WARN_64_TO_32_BIT_CONVERSION = YES;
				GCC_WARN_ABOUT_RETURN_TYPE = YES_ERROR;
				GCC_WARN_UNDECLARED_SELECTOR = YES;
				GCC_WARN_UNINITIALIZED_AUTOS = YES_AGGRESSIVE;
				GCC_WARN_UNUSED_FUNCTION = YES;
				GCC_WARN_UNUSED_VARIABLE = YES;
				IPHONEOS_DEPLOYMENT_TARGET = 10.0;
				MTL_ENABLE_DEBUG_INFO = YES;
				ONLY_ACTIVE_ARCH = YES;
				SDKROOT = iphoneos;
				SWIFT_ACTIVE_COMPILATION_CONDITIONS = DEBUG;
				SWIFT_OPTIMIZATION_LEVEL = "-Onone";
				TARGETED_DEVICE_FAMILY = "1,2";
			};
			name = Debug;
		};
		09393EFD1E9B837800E5799B /* Release */ = {
			isa = XCBuildConfiguration;
			buildSettings = {
				ALWAYS_SEARCH_USER_PATHS = NO;
				CLANG_ANALYZER_NONNULL = YES;
				CLANG_CXX_LANGUAGE_STANDARD = "gnu++0x";
				CLANG_CXX_LIBRARY = "libc++";
				CLANG_ENABLE_MODULES = YES;
				CLANG_ENABLE_OBJC_ARC = YES;
				CLANG_WARN_BOOL_CONVERSION = YES;
				CLANG_WARN_CONSTANT_CONVERSION = YES;
				CLANG_WARN_DIRECT_OBJC_ISA_USAGE = YES_ERROR;
				CLANG_WARN_DOCUMENTATION_COMMENTS = YES;
				CLANG_WARN_EMPTY_BODY = YES;
				CLANG_WARN_ENUM_CONVERSION = YES;
				CLANG_WARN_INFINITE_RECURSION = YES;
				CLANG_WARN_INT_CONVERSION = YES;
				CLANG_WARN_OBJC_ROOT_CLASS = YES_ERROR;
				CLANG_WARN_SUSPICIOUS_MOVES = YES;
				CLANG_WARN_UNREACHABLE_CODE = YES;
				CLANG_WARN__DUPLICATE_METHOD_MATCH = YES;
				"CODE_SIGN_IDENTITY[sdk=iphoneos*]" = "iPhone Developer";
				COPY_PHASE_STRIP = NO;
				DEBUG_INFORMATION_FORMAT = "dwarf-with-dsym";
				ENABLE_NS_ASSERTIONS = NO;
				ENABLE_STRICT_OBJC_MSGSEND = YES;
				GCC_C_LANGUAGE_STANDARD = gnu99;
				GCC_NO_COMMON_BLOCKS = YES;
				GCC_WARN_64_TO_32_BIT_CONVERSION = YES;
				GCC_WARN_ABOUT_RETURN_TYPE = YES_ERROR;
				GCC_WARN_UNDECLARED_SELECTOR = YES;
				GCC_WARN_UNINITIALIZED_AUTOS = YES_AGGRESSIVE;
				GCC_WARN_UNUSED_FUNCTION = YES;
				GCC_WARN_UNUSED_VARIABLE = YES;
				IPHONEOS_DEPLOYMENT_TARGET = 10.0;
				MTL_ENABLE_DEBUG_INFO = NO;
				SDKROOT = iphoneos;
				SWIFT_OPTIMIZATION_LEVEL = "-Owholemodule";
				TARGETED_DEVICE_FAMILY = "1,2";
				VALIDATE_PRODUCT = YES;
			};
			name = Release;
		};
		09393EFF1E9B837800E5799B /* Debug */ = {
			isa = XCBuildConfiguration;
			buildSettings = {
				ASSETCATALOG_COMPILER_APPICON_NAME = AppIcon;
				INFOPLIST_FILE = IBDesignableIBInspectable/Info.plist;
				LD_RUNPATH_SEARCH_PATHS = "$(inherited) @executable_path/Frameworks";
				PRODUCT_BUNDLE_IDENTIFIER = alex.IBDesignableIBInspectable;
				PRODUCT_NAME = "$(TARGET_NAME)";
				SWIFT_VERSION = 3.0;
			};
			name = Debug;
		};
		09393F001E9B837800E5799B /* Release */ = {
			isa = XCBuildConfiguration;
			buildSettings = {
				ASSETCATALOG_COMPILER_APPICON_NAME = AppIcon;
				INFOPLIST_FILE = IBDesignableIBInspectable/Info.plist;
				LD_RUNPATH_SEARCH_PATHS = "$(inherited) @executable_path/Frameworks";
				PRODUCT_BUNDLE_IDENTIFIER = alex.IBDesignableIBInspectable;
				PRODUCT_NAME = "$(TARGET_NAME)";
				SWIFT_VERSION = 3.0;
			};
			name = Release;
		};
/* End XCBuildConfiguration section */

/* Begin XCConfigurationList section */
		09393EE71E9B837800E5799B /* Build configuration list for PBXProject "IBDesignableIBInspectable" */ = {
			isa = XCConfigurationList;
			buildConfigurations = (
				09393EFC1E9B837800E5799B /* Debug */,
				09393EFD1E9B837800E5799B /* Release */,
			);
			defaultConfigurationIsVisible = 0;
			defaultConfigurationName = Release;
		};
		09393EFE1E9B837800E5799B /* Build configuration list for PBXNativeTarget "IBDesignableIBInspectable" */ = {
			isa = XCConfigurationList;
			buildConfigurations = (
				09393EFF1E9B837800E5799B /* Debug */,
				09393F001E9B837800E5799B /* Release */,
			);
			defaultConfigurationIsVisible = 0;
		};
/* End XCConfigurationList section */
	};
	rootObject = 09393EE41E9B837800E5799B /* Project object */;
}
